
Microsoft Visual Studio Solution File, Format Version 12.00
# Visual Studio 2012
VisualStudioVersion = 14.0.22823.1
MinimumVisualStudioVersion = 10.0.40219.1
Project("{FAE04EC0-301F-11D3-BF4B-00C04F79EFBC}") = "ODR-Studio.Host", "ODR-Studio.Host\ODR-Studio.Host.csproj", "{5CB7320D-88B3-489D-9358-936FD08F6CBC}"
EndProject
Project("{FAE04EC0-301F-11D3-BF4B-00C04F79EFBC}") = "ODR-Studio", "ODR-Studio\ODR-Studio.csproj", "{7D8DCEAA-7542-41CD-83FD-41CE62A3F001}"
EndProject
Project("{FAE04EC0-301F-11D3-BF4B-00C04F79EFBC}") = "ODR-Studio.WebApi", "ODR-Studio.WebApi\ODR-Studio.WebApi.csproj", "{10B1CCA1-4EC9-4083-9761-A74BCF13C029}"
EndProject
Project("{FAE04EC0-301F-11D3-BF4B-00C04F79EFBC}") = "ODR-Studio.WebApi.Host", "ODR-Studio.WebApi.Host\ODR-Studio.WebApi.Host.csproj", "{EE00E5FB-CF07-4D5B-847B-9836C0762D9C}"
EndProject
Project("{FAE04EC0-301F-11D3-BF4B-00C04F79EFBC}") = "ODR-Studio.WebApi.Client", "ODR-Studio.WebApi.Client\ODR-Studio.WebApi.Client.csproj", "{616FE612-02A2-4526-95F5-20D42106F354}"
EndProject
Project("{2150E333-8FDC-42A3-9474-1A3956D46DE8}") = "Tools", "Tools", "{4DC9B700-EDF4-4B48-A6B8-88F80DD4BE1F}"
EndProject
Project("{FAE04EC0-301F-11D3-BF4B-00C04F79EFBC}") = "Odr-DabMux-Runner", "Tools\Odr-DabMux-Runner\Odr-DabMux-Runner.csproj", "{21DA62D6-3C17-4B88-B92B-735B4FA38494}"
EndProject
Project("{2150E333-8FDC-42A3-9474-1A3956D46DE8}") = "Solution Items", "Solution Items", "{35949022-640B-4385-87A0-6242AC3A6F96}"
	ProjectSection(SolutionItems) = preProject
		CommonAssemblyInfo.cs = CommonAssemblyInfo.cs
	EndProjectSection
EndProject
Global
	GlobalSection(SolutionConfigurationPlatforms) = preSolution
		Debug|Any CPU = Debug|Any CPU
		Debug|x86 = Debug|x86
		Release|Any CPU = Release|Any CPU
		Release|x86 = Release|x86
	EndGlobalSection
	GlobalSection(ProjectConfigurationPlatforms) = postSolution
		{10B1CCA1-4EC9-4083-9761-A74BCF13C029}.Debug|Any CPU.ActiveCfg = Debug|Any CPU
		{10B1CCA1-4EC9-4083-9761-A74BCF13C029}.Debug|Any CPU.Build.0 = Debug|Any CPU
		{10B1CCA1-4EC9-4083-9761-A74BCF13C029}.Debug|x86.ActiveCfg = Debug|Any CPU
		{10B1CCA1-4EC9-4083-9761-A74BCF13C029}.Debug|x86.Build.0 = Debug|Any CPU
		{10B1CCA1-4EC9-4083-9761-A74BCF13C029}.Release|Any CPU.ActiveCfg = Release|Any CPU
		{10B1CCA1-4EC9-4083-9761-A74BCF13C029}.Release|Any CPU.Build.0 = Release|Any CPU
		{10B1CCA1-4EC9-4083-9761-A74BCF13C029}.Release|x86.ActiveCfg = Release|Any CPU
		{10B1CCA1-4EC9-4083-9761-A74BCF13C029}.Release|x86.Build.0 = Release|Any CPU
		{21DA62D6-3C17-4B88-B92B-735B4FA38494}.Debug|Any CPU.ActiveCfg = Debug|Any CPU
		{21DA62D6-3C17-4B88-B92B-735B4FA38494}.Debug|Any CPU.Build.0 = Debug|Any CPU
		{21DA62D6-3C17-4B88-B92B-735B4FA38494}.Debug|x86.ActiveCfg = Debug|Any CPU
		{21DA62D6-3C17-4B88-B92B-735B4FA38494}.Debug|x86.Build.0 = Debug|Any CPU
		{21DA62D6-3C17-4B88-B92B-735B4FA38494}.Release|Any CPU.ActiveCfg = Release|Any CPU
		{21DA62D6-3C17-4B88-B92B-735B4FA38494}.Release|Any CPU.Build.0 = Release|Any CPU
		{21DA62D6-3C17-4B88-B92B-735B4FA38494}.Release|x86.ActiveCfg = Release|Any CPU
		{21DA62D6-3C17-4B88-B92B-735B4FA38494}.Release|x86.Build.0 = Release|Any CPU
		{5CB7320D-88B3-489D-9358-936FD08F6CBC}.Debug|Any CPU.ActiveCfg = Debug|x86
		{5CB7320D-88B3-489D-9358-936FD08F6CBC}.Debug|x86.ActiveCfg = Debug|x86
		{5CB7320D-88B3-489D-9358-936FD08F6CBC}.Debug|x86.Build.0 = Debug|x86
		{5CB7320D-88B3-489D-9358-936FD08F6CBC}.Release|Any CPU.ActiveCfg = Release|x86
		{5CB7320D-88B3-489D-9358-936FD08F6CBC}.Release|x86.ActiveCfg = Release|x86
		{5CB7320D-88B3-489D-9358-936FD08F6CBC}.Release|x86.Build.0 = Release|x86
		{616FE612-02A2-4526-95F5-20D42106F354}.Debug|Any CPU.ActiveCfg = Debug|Any CPU
		{616FE612-02A2-4526-95F5-20D42106F354}.Debug|Any CPU.Build.0 = Debug|Any CPU
		{616FE612-02A2-4526-95F5-20D42106F354}.Debug|x86.ActiveCfg = Debug|Any CPU
		{616FE612-02A2-4526-95F5-20D42106F354}.Debug|x86.Build.0 = Debug|Any CPU
		{616FE612-02A2-4526-95F5-20D42106F354}.Release|Any CPU.ActiveCfg = Release|Any CPU
		{616FE612-02A2-4526-95F5-20D42106F354}.Release|Any CPU.Build.0 = Release|Any CPU
		{616FE612-02A2-4526-95F5-20D42106F354}.Release|x86.ActiveCfg = Release|Any CPU
		{616FE612-02A2-4526-95F5-20D42106F354}.Release|x86.Build.0 = Release|Any CPU
		{7D8DCEAA-7542-41CD-83FD-41CE62A3F001}.Debug|Any CPU.ActiveCfg = Debug|Any CPU
		{7D8DCEAA-7542-41CD-83FD-41CE62A3F001}.Debug|Any CPU.Build.0 = Debug|Any CPU
		{7D8DCEAA-7542-41CD-83FD-41CE62A3F001}.Debug|x86.ActiveCfg = Debug|Any CPU
		{7D8DCEAA-7542-41CD-83FD-41CE62A3F001}.Debug|x86.Build.0 = Debug|Any CPU
		{7D8DCEAA-7542-41CD-83FD-41CE62A3F001}.Release|Any CPU.ActiveCfg = Release|Any CPU
		{7D8DCEAA-7542-41CD-83FD-41CE62A3F001}.Release|Any CPU.Build.0 = Release|Any CPU
		{7D8DCEAA-7542-41CD-83FD-41CE62A3F001}.Release|x86.ActiveCfg = Release|Any CPU
		{7D8DCEAA-7542-41CD-83FD-41CE62A3F001}.Release|x86.Build.0 = Release|Any CPU
		{EE00E5FB-CF07-4D5B-847B-9836C0762D9C}.Debug|Any CPU.ActiveCfg = Debug|Any CPU
		{EE00E5FB-CF07-4D5B-847B-9836C0762D9C}.Debug|Any CPU.Build.0 = Debug|Any CPU
		{EE00E5FB-CF07-4D5B-847B-9836C0762D9C}.Debug|x86.ActiveCfg = Debug|Any CPU
		{EE00E5FB-CF07-4D5B-847B-9836C0762D9C}.Debug|x86.Build.0 = Debug|Any CPU
		{EE00E5FB-CF07-4D5B-847B-9836C0762D9C}.Release|Any CPU.ActiveCfg = Release|Any CPU
		{EE00E5FB-CF07-4D5B-847B-9836C0762D9C}.Release|Any CPU.Build.0 = Release|Any CPU
		{EE00E5FB-CF07-4D5B-847B-9836C0762D9C}.Release|x86.ActiveCfg = Release|Any CPU
		{EE00E5FB-CF07-4D5B-847B-9836C0762D9C}.Release|x86.Build.0 = Release|Any CPU
	EndGlobalSection
	GlobalSection(NestedProjects) = preSolution
		{21DA62D6-3C17-4B88-B92B-735B4FA38494} = {4DC9B700-EDF4-4B48-A6B8-88F80DD4BE1F}
	EndGlobalSection
	GlobalSection(SolutionProperties) = preSolution
		HideSolutionNode = FALSE
	EndGlobalSection
EndGlobal
